
Microsoft Visual Studio Solution File, Format Version 12.00
# Visual Studio Version 17
VisualStudioVersion = 17.0.31903.59
MinimumVisualStudioVersion = 10.0.40219.1
Project("{2150E333-8FDC-42A3-9474-1A3956D46DE8}") = "src", "src", "{827E0CD3-B72D-47B6-A68D-7590B98EB39B}"
EndProject
Project("{FAE04EC0-301F-11D3-BF4B-00C04F79EFBC}") = "RPGWO.Formats", "src\RPGWO.Formats\RPGWO.Formats.csproj", "{75FFFC18-B7AD-47A1-B24C-D5FF4A560A46}"
EndProject
Project("{FAE04EC0-301F-11D3-BF4B-00C04F79EFBC}") = "RPGWO.Tools.Cli", "src\RPGWO.Tools.Cli\RPGWO.Tools.Cli.csproj", "{D316FD89-C1C3-4609-A72D-6E5852C51CDF}"
EndProject
Project("{2150E333-8FDC-42A3-9474-1A3956D46DE8}") = "tests", "tests", "{0AB3BF05-4346-4AA6-1389-037BE0695223}"
EndProject
Project("{FAE04EC0-301F-11D3-BF4B-00C04F79EFBC}") = "RPGWO.Formats.Tests", "tests\RPGWO.Formats.Tests\RPGWO.Formats.Tests.csproj", "{07B12B37-8BF5-498C-B895-8AED007A9B07}"
EndProject
Project("{FAE04EC0-301F-11D3-BF4B-00C04F79EFBC}") = "RPGWO.Data", "src\RPGWO.Data\RPGWO.Data.csproj", "{4009BD33-0DA8-4130-826A-6462D9F14F12}"
EndProject
Project("{FAE04EC0-301F-11D3-BF4B-00C04F79EFBC}") = "RPGWO.Core", "src\RPGWO.Core\RPGWO.Core.csproj", "{C9FBD60F-7D50-4F5A-83A8-3EAAD27D3696}"
EndProject
Project("{FAE04EC0-301F-11D3-BF4B-00C04F79EFBC}") = "RPGWO.ServerTool", "src\RPGWO.ServerTool\RPGWO.ServerTool.csproj", "{7FA12245-3298-4CEE-889C-35A50C234134}"
EndProject
Global
	GlobalSection(SolutionConfigurationPlatforms) = preSolution
		Debug|Any CPU = Debug|Any CPU
		Debug|x64 = Debug|x64
		Debug|x86 = Debug|x86
		Release|Any CPU = Release|Any CPU
		Release|x64 = Release|x64
		Release|x86 = Release|x86
	EndGlobalSection
	GlobalSection(ProjectConfigurationPlatforms) = postSolution
		{75FFFC18-B7AD-47A1-B24C-D5FF4A560A46}.Debug|Any CPU.ActiveCfg = Debug|Any CPU
		{75FFFC18-B7AD-47A1-B24C-D5FF4A560A46}.Debug|Any CPU.Build.0 = Debug|Any CPU
		{75FFFC18-B7AD-47A1-B24C-D5FF4A560A46}.Debug|x64.ActiveCfg = Debug|Any CPU
		{75FFFC18-B7AD-47A1-B24C-D5FF4A560A46}.Debug|x64.Build.0 = Debug|Any CPU
		{75FFFC18-B7AD-47A1-B24C-D5FF4A560A46}.Debug|x86.ActiveCfg = Debug|Any CPU
		{75FFFC18-B7AD-47A1-B24C-D5FF4A560A46}.Debug|x86.Build.0 = Debug|Any CPU
		{75FFFC18-B7AD-47A1-B24C-D5FF4A560A46}.Release|Any CPU.ActiveCfg = Release|Any CPU
		{75FFFC18-B7AD-47A1-B24C-D5FF4A560A46}.Release|Any CPU.Build.0 = Release|Any CPU
		{75FFFC18-B7AD-47A1-B24C-D5FF4A560A46}.Release|x64.ActiveCfg = Release|Any CPU
		{75FFFC18-B7AD-47A1-B24C-D5FF4A560A46}.Release|x64.Build.0 = Release|Any CPU
		{75FFFC18-B7AD-47A1-B24C-D5FF4A560A46}.Release|x86.ActiveCfg = Release|Any CPU
		{75FFFC18-B7AD-47A1-B24C-D5FF4A560A46}.Release|x86.Build.0 = Release|Any CPU
		{D316FD89-C1C3-4609-A72D-6E5852C51CDF}.Debug|Any CPU.ActiveCfg = Debug|Any CPU
		{D316FD89-C1C3-4609-A72D-6E5852C51CDF}.Debug|Any CPU.Build.0 = Debug|Any CPU
		{D316FD89-C1C3-4609-A72D-6E5852C51CDF}.Debug|x64.ActiveCfg = Debug|Any CPU
		{D316FD89-C1C3-4609-A72D-6E5852C51CDF}.Debug|x64.Build.0 = Debug|Any CPU
		{D316FD89-C1C3-4609-A72D-6E5852C51CDF}.Debug|x86.ActiveCfg = Debug|Any CPU
		{D316FD89-C1C3-4609-A72D-6E5852C51CDF}.Debug|x86.Build.0 = Debug|Any CPU
		{D316FD89-C1C3-4609-A72D-6E5852C51CDF}.Release|Any CPU.ActiveCfg = Release|Any CPU
		{D316FD89-C1C3-4609-A72D-6E5852C51CDF}.Release|Any CPU.Build.0 = Release|Any CPU
		{D316FD89-C1C3-4609-A72D-6E5852C51CDF}.Release|x64.ActiveCfg = Release|Any CPU
		{D316FD89-C1C3-4609-A72D-6E5852C51CDF}.Release|x64.Build.0 = Release|Any CPU
		{D316FD89-C1C3-4609-A72D-6E5852C51CDF}.Release|x86.ActiveCfg = Release|Any CPU
		{D316FD89-C1C3-4609-A72D-6E5852C51CDF}.Release|x86.Build.0 = Release|Any CPU
		{07B12B37-8BF5-498C-B895-8AED007A9B07}.Debug|Any CPU.ActiveCfg = Debug|Any CPU
		{07B12B37-8BF5-498C-B895-8AED007A9B07}.Debug|Any CPU.Build.0 = Debug|Any CPU
		{07B12B37-8BF5-498C-B895-8AED007A9B07}.Debug|x64.ActiveCfg = Debug|Any CPU
		{07B12B37-8BF5-498C-B895-8AED007A9B07}.Debug|x64.Build.0 = Debug|Any CPU
		{07B12B37-8BF5-498C-B895-8AED007A9B07}.Debug|x86.ActiveCfg = Debug|Any CPU
		{07B12B37-8BF5-498C-B895-8AED007A9B07}.Debug|x86.Build.0 = Debug|Any CPU
		{07B12B37-8BF5-498C-B895-8AED007A9B07}.Release|Any CPU.ActiveCfg = Release|Any CPU
		{07B12B37-8BF5-498C-B895-8AED007A9B07}.Release|Any CPU.Build.0 = Release|Any CPU
		{07B12B37-8BF5-498C-B895-8AED007A9B07}.Release|x64.ActiveCfg = Release|Any CPU
		{07B12B37-8BF5-498C-B895-8AED007A9B07}.Release|x64.Build.0 = Release|Any CPU
		{07B12B37-8BF5-498C-B895-8AED007A9B07}.Release|x86.ActiveCfg = Release|Any CPU
		{07B12B37-8BF5-498C-B895-8AED007A9B07}.Release|x86.Build.0 = Release|Any CPU
		{4009BD33-0DA8-4130-826A-6462D9F14F12}.Debug|Any CPU.ActiveCfg = Debug|Any CPU
		{4009BD33-0DA8-4130-826A-6462D9F14F12}.Debug|Any CPU.Build.0 = Debug|Any CPU
		{4009BD33-0DA8-4130-826A-6462D9F14F12}.Debug|x64.ActiveCfg = Debug|Any CPU
		{4009BD33-0DA8-4130-826A-6462D9F14F12}.Debug|x64.Build.0 = Debug|Any CPU
		{4009BD33-0DA8-4130-826A-6462D9F14F12}.Debug|x86.ActiveCfg = Debug|Any CPU
		{4009BD33-0DA8-4130-826A-6462D9F14F12}.Debug|x86.Build.0 = Debug|Any CPU
		{4009BD33-0DA8-4130-826A-6462D9F14F12}.Release|Any CPU.ActiveCfg = Release|Any CPU
		{4009BD33-0DA8-4130-826A-6462D9F14F12}.Release|Any CPU.Build.0 = Release|Any CPU
		{4009BD33-0DA8-4130-826A-6462D9F14F12}.Release|x64.ActiveCfg = Release|Any CPU
		{4009BD33-0DA8-4130-826A-6462D9F14F12}.Release|x64.Build.0 = Release|Any CPU
		{4009BD33-0DA8-4130-826A-6462D9F14F12}.Release|x86.ActiveCfg = Release|Any CPU
		{4009BD33-0DA8-4130-826A-6462D9F14F12}.Release|x86.Build.0 = Release|Any CPU
		{C9FBD60F-7D50-4F5A-83A8-3EAAD27D3696}.Debug|Any CPU.ActiveCfg = Debug|Any CPU
		{C9FBD60F-7D50-4F5A-83A8-3EAAD27D3696}.Debug|Any CPU.Build.0 = Debug|Any CPU
		{C9FBD60F-7D50-4F5A-83A8-3EAAD27D3696}.Debug|x64.ActiveCfg = Debug|Any CPU
		{C9FBD60F-7D50-4F5A-83A8-3EAAD27D3696}.Debug|x64.Build.0 = Debug|Any CPU
		{C9FBD60F-7D50-4F5A-83A8-3EAAD27D3696}.Debug|x86.ActiveCfg = Debug|Any CPU
		{C9FBD60F-7D50-4F5A-83A8-3EAAD27D3696}.Debug|x86.Build.0 = Debug|Any CPU
		{C9FBD60F-7D50-4F5A-83A8-3EAAD27D3696}.Release|Any CPU.ActiveCfg = Release|Any CPU
		{C9FBD60F-7D50-4F5A-83A8-3EAAD27D3696}.Release|Any CPU.Build.0 = Release|Any CPU
		{C9FBD60F-7D50-4F5A-83A8-3EAAD27D3696}.Release|x64.ActiveCfg = Release|Any CPU
		{C9FBD60F-7D50-4F5A-83A8-3EAAD27D3696}.Release|x64.Build.0 = Release|Any CPU
		{C9FBD60F-7D50-4F5A-83A8-3EAAD27D3696}.Release|x86.ActiveCfg = Release|Any CPU
		{C9FBD60F-7D50-4F5A-83A8-3EAAD27D3696}.Release|x86.Build.0 = Release|Any CPU
		{7FA12245-3298-4CEE-889C-35A50C234134}.Debug|Any CPU.ActiveCfg = Debug|Any CPU
		{7FA12245-3298-4CEE-889C-35A50C234134}.Debug|Any CPU.Build.0 = Debug|Any CPU
		{7FA12245-3298-4CEE-889C-35A50C234134}.Debug|x64.ActiveCfg = Debug|Any CPU
		{7FA12245-3298-4CEE-889C-35A50C234134}.Debug|x64.Build.0 = Debug|Any CPU
		{7FA12245-3298-4CEE-889C-35A50C234134}.Debug|x86.ActiveCfg = Debug|Any CPU
		{7FA12245-3298-4CEE-889C-35A50C234134}.Debug|x86.Build.0 = Debug|Any CPU
		{7FA12245-3298-4CEE-889C-35A50C234134}.Release|Any CPU.ActiveCfg = Release|Any CPU
		{7FA12245-3298-4CEE-889C-35A50C234134}.Release|Any CPU.Build.0 = Release|Any CPU
		{7FA12245-3298-4CEE-889C-35A50C234134}.Release|x64.ActiveCfg = Release|Any CPU
		{7FA12245-3298-4CEE-889C-35A50C234134}.Release|x64.Build.0 = Release|Any CPU
		{7FA12245-3298-4CEE-889C-35A50C234134}.Release|x86.ActiveCfg = Release|Any CPU
		{7FA12245-3298-4CEE-889C-35A50C234134}.Release|x86.Build.0 = Release|Any CPU
	EndGlobalSection
	GlobalSection(SolutionProperties) = preSolution
		HideSolutionNode = FALSE
	EndGlobalSection
	GlobalSection(NestedProjects) = preSolution
		{75FFFC18-B7AD-47A1-B24C-D5FF4A560A46} = {827E0CD3-B72D-47B6-A68D-7590B98EB39B}
		{D316FD89-C1C3-4609-A72D-6E5852C51CDF} = {827E0CD3-B72D-47B6-A68D-7590B98EB39B}
		{07B12B37-8BF5-498C-B895-8AED007A9B07} = {0AB3BF05-4346-4AA6-1389-037BE0695223}
		{4009BD33-0DA8-4130-826A-6462D9F14F12} = {827E0CD3-B72D-47B6-A68D-7590B98EB39B}
		{C9FBD60F-7D50-4F5A-83A8-3EAAD27D3696} = {827E0CD3-B72D-47B6-A68D-7590B98EB39B}
		{7FA12245-3298-4CEE-889C-35A50C234134} = {827E0CD3-B72D-47B6-A68D-7590B98EB39B}
	EndGlobalSection
EndGlobal
